
Microsoft Visual Studio Solution File, Format Version 12.00
# Visual Studio Version 16
VisualStudioVersion = 16.0.31515.178
MinimumVisualStudioVersion = 10.0.40219.1
Project("{FAE04EC0-301F-11D3-BF4B-00C04F79EFBC}") = "Store", "Store\Store.csproj", "{6639A929-4C75-484F-948B-D293C6D67CE7}"
EndProject
Global
	GlobalSection(SolutionConfigurationPlatforms) = preSolution
		Debug|Any CPU = Debug|Any CPU
		Release|Any CPU = Release|Any CPU
	EndGlobalSection
	GlobalSection(ProjectConfigurationPlatforms) = postSolution
		{6639A929-4C75-484F-948B-D293C6D67CE7}.Debug|Any CPU.ActiveCfg = Debug|Any CPU
		{6639A929-4C75-484F-948B-D293C6D67CE7}.Debug|Any CPU.Build.0 = Debug|Any CPU
		{6639A929-4C75-484F-948B-D293C6D67CE7}.Release|Any CPU.ActiveCfg = Release|Any CPU
		{6639A929-4C75-484F-948B-D293C6D67CE7}.Release|Any CPU.Build.0 = Release|Any CPU
	EndGlobalSection
	GlobalSection(SolutionProperties) = preSolution
		HideSolutionNode = FALSE
	EndGlobalSection
	GlobalSection(ExtensibilityGlobals) = postSolution
		SolutionGuid = {83A3CAA4-661C-4F1D-AD74-0AF52D776040}
	EndGlobalSection
EndGlobal
